
Microsoft Visual Studio Solution File, Format Version 12.00
# Visual Studio 15
VisualStudioVersion = 15.0.28307.271
MinimumVisualStudioVersion = 10.0.40219.1
Project("{FAE04EC0-301F-11D3-BF4B-00C04F79EFBC}") = "Conjecture", "Conjecture\Conjecture.csproj", "{32528DDB-9FC2-4CEE-91A2-B5C579FD6A2A}"
EndProject
Global
	GlobalSection(SolutionConfigurationPlatforms) = preSolution
		Debug|Any CPU = Debug|Any CPU
		Release|Any CPU = Release|Any CPU
	EndGlobalSection
	GlobalSection(ProjectConfigurationPlatforms) = postSolution
		{32528DDB-9FC2-4CEE-91A2-B5C579FD6A2A}.Debug|Any CPU.ActiveCfg = Debug|Any CPU
		{32528DDB-9FC2-4CEE-91A2-B5C579FD6A2A}.Debug|Any CPU.Build.0 = Debug|Any CPU
		{32528DDB-9FC2-4CEE-91A2-B5C579FD6A2A}.Release|Any CPU.ActiveCfg = Release|Any CPU
		{32528DDB-9FC2-4CEE-91A2-B5C579FD6A2A}.Release|Any CPU.Build.0 = Release|Any CPU
	EndGlobalSection
	GlobalSection(SolutionProperties) = preSolution
		HideSolutionNode = FALSE
	EndGlobalSection
	GlobalSection(ExtensibilityGlobals) = postSolution
		SolutionGuid = {128BFDB3-FEA3-4C91-9D8B-E7607F702AD0}
	EndGlobalSection
EndGlobal
